
Microsoft Visual Studio Solution File, Format Version 12.00
# Visual Studio Version 16
VisualStudioVersion = 25.0.1703.6
MinimumVisualStudioVersion = 10.0.40219.1
Project("{FAE04EC0-301F-11D3-BF4B-00C04F79EFBC}") = "FizzBuzz", "FizzBuzz\FizzBuzz.csproj", "{BD3D9CFA-F7DB-42FB-AF88-B4E7197E6D20}"
EndProject
Global
	GlobalSection(SolutionConfigurationPlatforms) = preSolution
		Debug|Any CPU = Debug|Any CPU
		Release|Any CPU = Release|Any CPU
	EndGlobalSection
	GlobalSection(ProjectConfigurationPlatforms) = postSolution
		{BD3D9CFA-F7DB-42FB-AF88-B4E7197E6D20}.Debug|Any CPU.ActiveCfg = Debug|Any CPU
		{BD3D9CFA-F7DB-42FB-AF88-B4E7197E6D20}.Debug|Any CPU.Build.0 = Debug|Any CPU
		{BD3D9CFA-F7DB-42FB-AF88-B4E7197E6D20}.Release|Any CPU.ActiveCfg = Release|Any CPU
		{BD3D9CFA-F7DB-42FB-AF88-B4E7197E6D20}.Release|Any CPU.Build.0 = Release|Any CPU
	EndGlobalSection
	GlobalSection(SolutionProperties) = preSolution
		HideSolutionNode = FALSE
	EndGlobalSection
	GlobalSection(ExtensibilityGlobals) = postSolution
		SolutionGuid = {BC5E6357-7848-4591-8ADC-16B8E6225057}
	EndGlobalSection
EndGlobal
